
Microsoft Visual Studio Solution File, Format Version 12.00
# Visual Studio 15
VisualStudioVersion = 15.0.28307.572
MinimumVisualStudioVersion = 10.0.40219.1
Project("{FAE04EC0-301F-11D3-BF4B-00C04F79EFBC}") = "DiasDelMes", "DiasDelMes\DiasDelMes.csproj", "{08EBE988-53CA-4189-A94C-7D32A068AFDD}"
EndProject
Global
	GlobalSection(SolutionConfigurationPlatforms) = preSolution
		Debug|Any CPU = Debug|Any CPU
		Release|Any CPU = Release|Any CPU
	EndGlobalSection
	GlobalSection(ProjectConfigurationPlatforms) = postSolution
		{08EBE988-53CA-4189-A94C-7D32A068AFDD}.Debug|Any CPU.ActiveCfg = Debug|Any CPU
		{08EBE988-53CA-4189-A94C-7D32A068AFDD}.Debug|Any CPU.Build.0 = Debug|Any CPU
		{08EBE988-53CA-4189-A94C-7D32A068AFDD}.Release|Any CPU.ActiveCfg = Release|Any CPU
		{08EBE988-53CA-4189-A94C-7D32A068AFDD}.Release|Any CPU.Build.0 = Release|Any CPU
	EndGlobalSection
	GlobalSection(SolutionProperties) = preSolution
		HideSolutionNode = FALSE
	EndGlobalSection
	GlobalSection(ExtensibilityGlobals) = postSolution
		SolutionGuid = {98BE34A3-B3E6-49F8-894E-B648D628327D}
	EndGlobalSection
EndGlobal
