
Microsoft Visual Studio Solution File, Format Version 12.00
# Visual Studio 15
VisualStudioVersion = 15.0.28307.572
MinimumVisualStudioVersion = 10.0.40219.1
Project("{FAE04EC0-301F-11D3-BF4B-00C04F79EFBC}") = "ConsoleApp3", "ConsoleApp3\ConsoleApp3.csproj", "{A659E4E8-D486-47FA-A83F-3B06192E0D81}"
EndProject
Global
	GlobalSection(SolutionConfigurationPlatforms) = preSolution
		Debug|Any CPU = Debug|Any CPU
		Release|Any CPU = Release|Any CPU
	EndGlobalSection
	GlobalSection(ProjectConfigurationPlatforms) = postSolution
		{A659E4E8-D486-47FA-A83F-3B06192E0D81}.Debug|Any CPU.ActiveCfg = Debug|Any CPU
		{A659E4E8-D486-47FA-A83F-3B06192E0D81}.Debug|Any CPU.Build.0 = Debug|Any CPU
		{A659E4E8-D486-47FA-A83F-3B06192E0D81}.Release|Any CPU.ActiveCfg = Release|Any CPU
		{A659E4E8-D486-47FA-A83F-3B06192E0D81}.Release|Any CPU.Build.0 = Release|Any CPU
	EndGlobalSection
	GlobalSection(SolutionProperties) = preSolution
		HideSolutionNode = FALSE
	EndGlobalSection
	GlobalSection(ExtensibilityGlobals) = postSolution
		SolutionGuid = {627E32DD-EFF4-4E3C-9CEE-25112EAB7B81}
	EndGlobalSection
EndGlobal
