
Microsoft Visual Studio Solution File, Format Version 12.00
# Visual Studio 15
VisualStudioVersion = 15.0.28307.572
MinimumVisualStudioVersion = 10.0.40219.1
Project("{FAE04EC0-301F-11D3-BF4B-00C04F79EFBC}") = "CalcularDosNumerosForm", "CalcularDosNumerosForm\CalcularDosNumerosForm.csproj", "{AC52E5AD-32F0-47FB-AD02-B7B6CBE0A188}"
EndProject
Global
	GlobalSection(SolutionConfigurationPlatforms) = preSolution
		Debug|Any CPU = Debug|Any CPU
		Release|Any CPU = Release|Any CPU
	EndGlobalSection
	GlobalSection(ProjectConfigurationPlatforms) = postSolution
		{AC52E5AD-32F0-47FB-AD02-B7B6CBE0A188}.Debug|Any CPU.ActiveCfg = Debug|Any CPU
		{AC52E5AD-32F0-47FB-AD02-B7B6CBE0A188}.Debug|Any CPU.Build.0 = Debug|Any CPU
		{AC52E5AD-32F0-47FB-AD02-B7B6CBE0A188}.Release|Any CPU.ActiveCfg = Release|Any CPU
		{AC52E5AD-32F0-47FB-AD02-B7B6CBE0A188}.Release|Any CPU.Build.0 = Release|Any CPU
	EndGlobalSection
	GlobalSection(SolutionProperties) = preSolution
		HideSolutionNode = FALSE
	EndGlobalSection
	GlobalSection(ExtensibilityGlobals) = postSolution
		SolutionGuid = {C921BCB6-FF84-49A4-BFED-FF17B4F5A687}
	EndGlobalSection
EndGlobal
