
Microsoft Visual Studio Solution File, Format Version 12.00
# Visual Studio 15
VisualStudioVersion = 15.0.28307.572
MinimumVisualStudioVersion = 10.0.40219.1
Project("{FAE04EC0-301F-11D3-BF4B-00C04F79EFBC}") = "ConexionMysql", "ConexionMysql\ConexionMysql.csproj", "{B2182D08-FA7B-45ED-96AF-19CC44ADD06E}"
EndProject
Global
	GlobalSection(SolutionConfigurationPlatforms) = preSolution
		Debug|Any CPU = Debug|Any CPU
		Release|Any CPU = Release|Any CPU
	EndGlobalSection
	GlobalSection(ProjectConfigurationPlatforms) = postSolution
		{B2182D08-FA7B-45ED-96AF-19CC44ADD06E}.Debug|Any CPU.ActiveCfg = Debug|Any CPU
		{B2182D08-FA7B-45ED-96AF-19CC44ADD06E}.Debug|Any CPU.Build.0 = Debug|Any CPU
		{B2182D08-FA7B-45ED-96AF-19CC44ADD06E}.Release|Any CPU.ActiveCfg = Release|Any CPU
		{B2182D08-FA7B-45ED-96AF-19CC44ADD06E}.Release|Any CPU.Build.0 = Release|Any CPU
	EndGlobalSection
	GlobalSection(SolutionProperties) = preSolution
		HideSolutionNode = FALSE
	EndGlobalSection
	GlobalSection(ExtensibilityGlobals) = postSolution
		SolutionGuid = {282695BD-09AC-4B23-B5BC-C7DE62FB1D0F}
	EndGlobalSection
EndGlobal
